
Microsoft Visual Studio Solution File, Format Version 12.00
# Visual Studio Version 17
VisualStudioVersion = 17.2.32317.152
MinimumVisualStudioVersion = 10.0.40219.1
Project("{2150E333-8FDC-42A3-9474-1A3956D46DE8}") = "Infrastructure", "Infrastructure", "{0C2FAE8A-6D01-44EE-9C91-E055703A8125}"
EndProject
Project("{9A19103F-16F7-4668-BE54-9A1E7A4F7556}") = "KeepInformed.Infrastructure.Tvn", "src\Infrastructure\KeepInformed.Infrastructure.Tvn\KeepInformed.Infrastructure.Tvn.csproj", "{B84F047C-9A07-463A-8874-CC476F04114B}"
EndProject
Project("{2150E333-8FDC-42A3-9474-1A3956D46DE8}") = "Modules", "Modules", "{3760C9B2-B46E-4B21-93F7-630FB229364D}"
EndProject
Project("{2150E333-8FDC-42A3-9474-1A3956D46DE8}") = "Common", "Common", "{BFC15C53-2C26-4901-A68A-C2014E152D03}"
EndProject
Project("{9A19103F-16F7-4668-BE54-9A1E7A4F7556}") = "KeepInformed.Common", "src\Common\KeepInformed.Common\KeepInformed.Common.csproj", "{D0E86DED-F725-4065-9BAD-207A1C0E49AE}"
EndProject
Project("{2150E333-8FDC-42A3-9474-1A3956D46DE8}") = "Web", "Web", "{4FFFB39D-D540-4180-95E1-2EA43CDBFA66}"
EndProject
Project("{9A19103F-16F7-4668-BE54-9A1E7A4F7556}") = "KeepInformed.Web.Api", "src\Web\KeepInformed.Web.Api\KeepInformed.Web.Api.csproj", "{66A89E93-A806-4BB2-AA97-93363EEC95CA}"
EndProject
Project("{9A19103F-16F7-4668-BE54-9A1E7A4F7556}") = "KeepInformed.Common.Domain", "src\Common\KeepInformed.Common.Domain\KeepInformed.Common.Domain.csproj", "{7DEE04A4-EF1C-4668-B1BB-FC430347AB10}"
EndProject
Project("{2150E333-8FDC-42A3-9474-1A3956D46DE8}") = "Tests", "Tests", "{1073B5BE-7074-4EE2-9849-3A9274CB068A}"
EndProject
Project("{2150E333-8FDC-42A3-9474-1A3956D46DE8}") = "News", "News", "{3100C3B7-EB77-4581-9289-E723252B48C1}"
EndProject
Project("{9A19103F-16F7-4668-BE54-9A1E7A4F7556}") = "KeepInformed.Contracts.News", "src\Contracts\KeepInformed.Contracts.News\KeepInformed.Contracts.News.csproj", "{C4148D36-CC23-40DE-9376-39A61E433D25}"
EndProject
Project("{9A19103F-16F7-4668-BE54-9A1E7A4F7556}") = "KeepInformed.Application.News", "src\Application\KeepInformed.Application.News\KeepInformed.Application.News.csproj", "{146A2D98-31AE-49C4-B45B-1D801542CED3}"
EndProject
Project("{9A19103F-16F7-4668-BE54-9A1E7A4F7556}") = "KeepInformed.Domain.News", "src\Domain\KeepInformed.Domain.News\KeepInformed.Domain.News.csproj", "{BF77AEA3-0C2A-47FA-A850-02B585517A8A}"
EndProject
Project("{9A19103F-16F7-4668-BE54-9A1E7A4F7556}") = "KeepInformed.Tests.UnitTests", "tests\KeepInformed.Tests.UnitTests\KeepInformed.Tests.UnitTests.csproj", "{E2648C2E-3F7C-45A9-8377-BEC0D60E6F3B}"
EndProject
Project("{9A19103F-16F7-4668-BE54-9A1E7A4F7556}") = "KeepInformed.Infrastructure.MediatR", "src\Infrastructure\KeepInformed.Infrastructure.MediatR\KeepInformed.Infrastructure.MediatR.csproj", "{63386C3B-0BB3-406B-BC10-9579762CB422}"
EndProject
Project("{9A19103F-16F7-4668-BE54-9A1E7A4F7556}") = "KeepInformed.Tests.IntegrationTests", "tests\KeepInformed.Tests.IntegrationTests\KeepInformed.Tests.IntegrationTests.csproj", "{D3B1FEEB-5C9B-4A00-B32C-9FB05AA0C474}"
EndProject
Project("{2150E333-8FDC-42A3-9474-1A3956D46DE8}") = "Authorization", "Authorization", "{59F54DB9-315F-4DB3-9EB3-86E9FE9826C6}"
EndProject
Project("{9A19103F-16F7-4668-BE54-9A1E7A4F7556}") = "KeepInformed.Domain.Authorization", "src\Domain\KeepInformed.Domain.Authorization\KeepInformed.Domain.Authorization.csproj", "{E995942C-7B8A-4876-80F1-124785226F66}"
EndProject
Project("{9A19103F-16F7-4668-BE54-9A1E7A4F7556}") = "KeepInformed.Contracts.Authorization", "src\Contracts\KeepInformed.Contracts.Authorization\KeepInformed.Contracts.Authorization.csproj", "{33E3A06F-A07B-4921-8ECB-C80ACBF0F7A9}"
EndProject
Project("{9A19103F-16F7-4668-BE54-9A1E7A4F7556}") = "KeepInformed.Application.Authorization", "src\Application\KeepInformed.Application.Authorization\KeepInformed.Application.Authorization.csproj", "{7B1F9791-FC21-4347-A7C0-DCF38F967366}"
EndProject
Project("{9A19103F-16F7-4668-BE54-9A1E7A4F7556}") = "KeepInformed.Infrastructure.EventBus", "src\Infrastructure\KeepInformed.Infrastructure.EventBus\KeepInformed.Infrastructure.EventBus.csproj", "{7DDA1A05-0702-49D5-926C-9F4C3CF9F1A2}"
EndProject
Project("{9A19103F-16F7-4668-BE54-9A1E7A4F7556}") = "KeepInformed.Infrastructure.RabbitMq", "src\Infrastructure\KeepInformed.Infrastructure.RabbitMq\KeepInformed.Infrastructure.RabbitMq.csproj", "{A72D1FA5-4A24-4FE3-82C6-4272A6E690E1}"
EndProject
Project("{9A19103F-16F7-4668-BE54-9A1E7A4F7556}") = "KeepInformed.Web.Shared", "src\Web\KeepInformed.Web.Shared\KeepInformed.Web.Shared.csproj", "{EEC7FD7B-4E65-4F5E-8F6F-7CF92CDD050E}"
EndProject
Project("{9A19103F-16F7-4668-BE54-9A1E7A4F7556}") = "KeepInformed.Web.Jobs", "src\Web\KeepInformed.Web.Jobs\KeepInformed.Web.Jobs.csproj", "{29E5766F-A88F-449E-B55B-ED14D38FC2B4}"
EndProject
Project("{9A19103F-16F7-4668-BE54-9A1E7A4F7556}") = "KeepInformed.Infrastructure.MailMessage", "src\Infrastructure\KeepInformed.Infrastructure.MailMessage\KeepInformed.Infrastructure.MailMessage.csproj", "{7509ED3E-68E6-4C04-8C3B-74DBA0058A06}"
EndProject
Project("{2150E333-8FDC-42A3-9474-1A3956D46DE8}") = "DbAccess", "DbAccess", "{E3F975C8-BA2D-4E72-B994-4B89E5B77566}"
EndProject
Project("{FAE04EC0-301F-11D3-BF4B-00C04F79EFBC}") = "KeepInformed.Infrastructure.BaseDbAccess", "src\Infrastructure\KeepInformed.Infrastructure.BaseDbAccess\KeepInformed.Infrastructure.BaseDbAccess.csproj", "{B0EC6232-2294-4D01-88B4-7D75FFC44E90}"
EndProject
Project("{FAE04EC0-301F-11D3-BF4B-00C04F79EFBC}") = "KeepInformed.Infrastructure.MasterDbAccess", "src\Infrastructure\KeepInformed.Infrastructure.MasterDbAccess\KeepInformed.Infrastructure.MasterDbAccess.csproj", "{171EC5D2-CD49-4DC6-8D63-22C576373C7C}"
EndProject
Project("{FAE04EC0-301F-11D3-BF4B-00C04F79EFBC}") = "KeepInformed.Infrastructure.TenantDbAccess", "src\Infrastructure\KeepInformed.Infrastructure.TenantDbAccess\KeepInformed.Infrastructure.TenantDbAccess.csproj", "{8F9B60A1-040D-4FA8-981C-D2C29808DD0F}"
EndProject
Project("{FAE04EC0-301F-11D3-BF4B-00C04F79EFBC}") = "KeepInformed.Infrastructure.MultiTenancy", "src\Infrastructure\KeepInformed.Infrastructure.MultiTenancy\KeepInformed.Infrastructure.MultiTenancy.csproj", "{9B028F04-2147-46EF-A353-9056E64878BB}"
EndProject
Project("{FAE04EC0-301F-11D3-BF4B-00C04F79EFBC}") = "KeepInformed.Infrastructure.Encrypter", "src\Infrastructure\KeepInformed.Infrastructure.Encrypter\KeepInformed.Infrastructure.Encrypter.csproj", "{500D2433-454C-420C-9D45-284C71F799DA}"
EndProject
Project("{FAE04EC0-301F-11D3-BF4B-00C04F79EFBC}") = "KeepInformed.Infrastructure.Jwt", "src\Infrastructure\KeepInformed.Infrastructure.Jwt\KeepInformed.Infrastructure.Jwt.csproj", "{56085B0D-A454-4C92-87BE-9AC24E1F55E8}"
EndProject
Global
	GlobalSection(SolutionConfigurationPlatforms) = preSolution
		Debug|Any CPU = Debug|Any CPU
		Release|Any CPU = Release|Any CPU
	EndGlobalSection
	GlobalSection(ProjectConfigurationPlatforms) = postSolution
		{B84F047C-9A07-463A-8874-CC476F04114B}.Debug|Any CPU.ActiveCfg = Debug|Any CPU
		{B84F047C-9A07-463A-8874-CC476F04114B}.Debug|Any CPU.Build.0 = Debug|Any CPU
		{B84F047C-9A07-463A-8874-CC476F04114B}.Release|Any CPU.ActiveCfg = Release|Any CPU
		{B84F047C-9A07-463A-8874-CC476F04114B}.Release|Any CPU.Build.0 = Release|Any CPU
		{D0E86DED-F725-4065-9BAD-207A1C0E49AE}.Debug|Any CPU.ActiveCfg = Debug|Any CPU
		{D0E86DED-F725-4065-9BAD-207A1C0E49AE}.Debug|Any CPU.Build.0 = Debug|Any CPU
		{D0E86DED-F725-4065-9BAD-207A1C0E49AE}.Release|Any CPU.ActiveCfg = Release|Any CPU
		{D0E86DED-F725-4065-9BAD-207A1C0E49AE}.Release|Any CPU.Build.0 = Release|Any CPU
		{66A89E93-A806-4BB2-AA97-93363EEC95CA}.Debug|Any CPU.ActiveCfg = Debug|Any CPU
		{66A89E93-A806-4BB2-AA97-93363EEC95CA}.Debug|Any CPU.Build.0 = Debug|Any CPU
		{66A89E93-A806-4BB2-AA97-93363EEC95CA}.Release|Any CPU.ActiveCfg = Release|Any CPU
		{66A89E93-A806-4BB2-AA97-93363EEC95CA}.Release|Any CPU.Build.0 = Release|Any CPU
		{7DEE04A4-EF1C-4668-B1BB-FC430347AB10}.Debug|Any CPU.ActiveCfg = Debug|Any CPU
		{7DEE04A4-EF1C-4668-B1BB-FC430347AB10}.Debug|Any CPU.Build.0 = Debug|Any CPU
		{7DEE04A4-EF1C-4668-B1BB-FC430347AB10}.Release|Any CPU.ActiveCfg = Release|Any CPU
		{7DEE04A4-EF1C-4668-B1BB-FC430347AB10}.Release|Any CPU.Build.0 = Release|Any CPU
		{C4148D36-CC23-40DE-9376-39A61E433D25}.Debug|Any CPU.ActiveCfg = Debug|Any CPU
		{C4148D36-CC23-40DE-9376-39A61E433D25}.Debug|Any CPU.Build.0 = Debug|Any CPU
		{C4148D36-CC23-40DE-9376-39A61E433D25}.Release|Any CPU.ActiveCfg = Release|Any CPU
		{C4148D36-CC23-40DE-9376-39A61E433D25}.Release|Any CPU.Build.0 = Release|Any CPU
		{146A2D98-31AE-49C4-B45B-1D801542CED3}.Debug|Any CPU.ActiveCfg = Debug|Any CPU
		{146A2D98-31AE-49C4-B45B-1D801542CED3}.Debug|Any CPU.Build.0 = Debug|Any CPU
		{146A2D98-31AE-49C4-B45B-1D801542CED3}.Release|Any CPU.ActiveCfg = Release|Any CPU
		{146A2D98-31AE-49C4-B45B-1D801542CED3}.Release|Any CPU.Build.0 = Release|Any CPU
		{BF77AEA3-0C2A-47FA-A850-02B585517A8A}.Debug|Any CPU.ActiveCfg = Debug|Any CPU
		{BF77AEA3-0C2A-47FA-A850-02B585517A8A}.Debug|Any CPU.Build.0 = Debug|Any CPU
		{BF77AEA3-0C2A-47FA-A850-02B585517A8A}.Release|Any CPU.ActiveCfg = Release|Any CPU
		{BF77AEA3-0C2A-47FA-A850-02B585517A8A}.Release|Any CPU.Build.0 = Release|Any CPU
		{E2648C2E-3F7C-45A9-8377-BEC0D60E6F3B}.Debug|Any CPU.ActiveCfg = Debug|Any CPU
		{E2648C2E-3F7C-45A9-8377-BEC0D60E6F3B}.Debug|Any CPU.Build.0 = Debug|Any CPU
		{E2648C2E-3F7C-45A9-8377-BEC0D60E6F3B}.Release|Any CPU.ActiveCfg = Release|Any CPU
		{E2648C2E-3F7C-45A9-8377-BEC0D60E6F3B}.Release|Any CPU.Build.0 = Release|Any CPU
		{63386C3B-0BB3-406B-BC10-9579762CB422}.Debug|Any CPU.ActiveCfg = Debug|Any CPU
		{63386C3B-0BB3-406B-BC10-9579762CB422}.Debug|Any CPU.Build.0 = Debug|Any CPU
		{63386C3B-0BB3-406B-BC10-9579762CB422}.Release|Any CPU.ActiveCfg = Release|Any CPU
		{63386C3B-0BB3-406B-BC10-9579762CB422}.Release|Any CPU.Build.0 = Release|Any CPU
		{D3B1FEEB-5C9B-4A00-B32C-9FB05AA0C474}.Debug|Any CPU.ActiveCfg = Debug|Any CPU
		{D3B1FEEB-5C9B-4A00-B32C-9FB05AA0C474}.Debug|Any CPU.Build.0 = Debug|Any CPU
		{D3B1FEEB-5C9B-4A00-B32C-9FB05AA0C474}.Release|Any CPU.ActiveCfg = Release|Any CPU
		{D3B1FEEB-5C9B-4A00-B32C-9FB05AA0C474}.Release|Any CPU.Build.0 = Release|Any CPU
		{E995942C-7B8A-4876-80F1-124785226F66}.Debug|Any CPU.ActiveCfg = Debug|Any CPU
		{E995942C-7B8A-4876-80F1-124785226F66}.Debug|Any CPU.Build.0 = Debug|Any CPU
		{E995942C-7B8A-4876-80F1-124785226F66}.Release|Any CPU.ActiveCfg = Release|Any CPU
		{E995942C-7B8A-4876-80F1-124785226F66}.Release|Any CPU.Build.0 = Release|Any CPU
		{33E3A06F-A07B-4921-8ECB-C80ACBF0F7A9}.Debug|Any CPU.ActiveCfg = Debug|Any CPU
		{33E3A06F-A07B-4921-8ECB-C80ACBF0F7A9}.Debug|Any CPU.Build.0 = Debug|Any CPU
		{33E3A06F-A07B-4921-8ECB-C80ACBF0F7A9}.Release|Any CPU.ActiveCfg = Release|Any CPU
		{33E3A06F-A07B-4921-8ECB-C80ACBF0F7A9}.Release|Any CPU.Build.0 = Release|Any CPU
		{7B1F9791-FC21-4347-A7C0-DCF38F967366}.Debug|Any CPU.ActiveCfg = Debug|Any CPU
		{7B1F9791-FC21-4347-A7C0-DCF38F967366}.Debug|Any CPU.Build.0 = Debug|Any CPU
		{7B1F9791-FC21-4347-A7C0-DCF38F967366}.Release|Any CPU.ActiveCfg = Release|Any CPU
		{7B1F9791-FC21-4347-A7C0-DCF38F967366}.Release|Any CPU.Build.0 = Release|Any CPU
		{7DDA1A05-0702-49D5-926C-9F4C3CF9F1A2}.Debug|Any CPU.ActiveCfg = Debug|Any CPU
		{7DDA1A05-0702-49D5-926C-9F4C3CF9F1A2}.Debug|Any CPU.Build.0 = Debug|Any CPU
		{7DDA1A05-0702-49D5-926C-9F4C3CF9F1A2}.Release|Any CPU.ActiveCfg = Release|Any CPU
		{7DDA1A05-0702-49D5-926C-9F4C3CF9F1A2}.Release|Any CPU.Build.0 = Release|Any CPU
		{A72D1FA5-4A24-4FE3-82C6-4272A6E690E1}.Debug|Any CPU.ActiveCfg = Debug|Any CPU
		{A72D1FA5-4A24-4FE3-82C6-4272A6E690E1}.Debug|Any CPU.Build.0 = Debug|Any CPU
		{A72D1FA5-4A24-4FE3-82C6-4272A6E690E1}.Release|Any CPU.ActiveCfg = Release|Any CPU
		{A72D1FA5-4A24-4FE3-82C6-4272A6E690E1}.Release|Any CPU.Build.0 = Release|Any CPU
		{EEC7FD7B-4E65-4F5E-8F6F-7CF92CDD050E}.Debug|Any CPU.ActiveCfg = Debug|Any CPU
		{EEC7FD7B-4E65-4F5E-8F6F-7CF92CDD050E}.Debug|Any CPU.Build.0 = Debug|Any CPU
		{EEC7FD7B-4E65-4F5E-8F6F-7CF92CDD050E}.Release|Any CPU.ActiveCfg = Release|Any CPU
		{EEC7FD7B-4E65-4F5E-8F6F-7CF92CDD050E}.Release|Any CPU.Build.0 = Release|Any CPU
		{29E5766F-A88F-449E-B55B-ED14D38FC2B4}.Debug|Any CPU.ActiveCfg = Debug|Any CPU
		{29E5766F-A88F-449E-B55B-ED14D38FC2B4}.Debug|Any CPU.Build.0 = Debug|Any CPU
		{29E5766F-A88F-449E-B55B-ED14D38FC2B4}.Release|Any CPU.ActiveCfg = Release|Any CPU
		{29E5766F-A88F-449E-B55B-ED14D38FC2B4}.Release|Any CPU.Build.0 = Release|Any CPU
		{7509ED3E-68E6-4C04-8C3B-74DBA0058A06}.Debug|Any CPU.ActiveCfg = Debug|Any CPU
		{7509ED3E-68E6-4C04-8C3B-74DBA0058A06}.Debug|Any CPU.Build.0 = Debug|Any CPU
		{7509ED3E-68E6-4C04-8C3B-74DBA0058A06}.Release|Any CPU.ActiveCfg = Release|Any CPU
		{7509ED3E-68E6-4C04-8C3B-74DBA0058A06}.Release|Any CPU.Build.0 = Release|Any CPU
		{B0EC6232-2294-4D01-88B4-7D75FFC44E90}.Debug|Any CPU.ActiveCfg = Debug|Any CPU
		{B0EC6232-2294-4D01-88B4-7D75FFC44E90}.Debug|Any CPU.Build.0 = Debug|Any CPU
		{B0EC6232-2294-4D01-88B4-7D75FFC44E90}.Release|Any CPU.ActiveCfg = Release|Any CPU
		{B0EC6232-2294-4D01-88B4-7D75FFC44E90}.Release|Any CPU.Build.0 = Release|Any CPU
		{171EC5D2-CD49-4DC6-8D63-22C576373C7C}.Debug|Any CPU.ActiveCfg = Debug|Any CPU
		{171EC5D2-CD49-4DC6-8D63-22C576373C7C}.Debug|Any CPU.Build.0 = Debug|Any CPU
		{171EC5D2-CD49-4DC6-8D63-22C576373C7C}.Release|Any CPU.ActiveCfg = Release|Any CPU
		{171EC5D2-CD49-4DC6-8D63-22C576373C7C}.Release|Any CPU.Build.0 = Release|Any CPU
		{8F9B60A1-040D-4FA8-981C-D2C29808DD0F}.Debug|Any CPU.ActiveCfg = Debug|Any CPU
		{8F9B60A1-040D-4FA8-981C-D2C29808DD0F}.Debug|Any CPU.Build.0 = Debug|Any CPU
		{8F9B60A1-040D-4FA8-981C-D2C29808DD0F}.Release|Any CPU.ActiveCfg = Release|Any CPU
		{8F9B60A1-040D-4FA8-981C-D2C29808DD0F}.Release|Any CPU.Build.0 = Release|Any CPU
		{9B028F04-2147-46EF-A353-9056E64878BB}.Debug|Any CPU.ActiveCfg = Debug|Any CPU
		{9B028F04-2147-46EF-A353-9056E64878BB}.Debug|Any CPU.Build.0 = Debug|Any CPU
		{9B028F04-2147-46EF-A353-9056E64878BB}.Release|Any CPU.ActiveCfg = Release|Any CPU
		{9B028F04-2147-46EF-A353-9056E64878BB}.Release|Any CPU.Build.0 = Release|Any CPU
		{500D2433-454C-420C-9D45-284C71F799DA}.Debug|Any CPU.ActiveCfg = Debug|Any CPU
		{500D2433-454C-420C-9D45-284C71F799DA}.Debug|Any CPU.Build.0 = Debug|Any CPU
		{500D2433-454C-420C-9D45-284C71F799DA}.Release|Any CPU.ActiveCfg = Release|Any CPU
		{500D2433-454C-420C-9D45-284C71F799DA}.Release|Any CPU.Build.0 = Release|Any CPU
		{56085B0D-A454-4C92-87BE-9AC24E1F55E8}.Debug|Any CPU.ActiveCfg = Debug|Any CPU
		{56085B0D-A454-4C92-87BE-9AC24E1F55E8}.Debug|Any CPU.Build.0 = Debug|Any CPU
		{56085B0D-A454-4C92-87BE-9AC24E1F55E8}.Release|Any CPU.ActiveCfg = Release|Any CPU
		{56085B0D-A454-4C92-87BE-9AC24E1F55E8}.Release|Any CPU.Build.0 = Release|Any CPU
	EndGlobalSection
	GlobalSection(SolutionProperties) = preSolution
		HideSolutionNode = FALSE
	EndGlobalSection
	GlobalSection(NestedProjects) = preSolution
		{B84F047C-9A07-463A-8874-CC476F04114B} = {0C2FAE8A-6D01-44EE-9C91-E055703A8125}
		{D0E86DED-F725-4065-9BAD-207A1C0E49AE} = {BFC15C53-2C26-4901-A68A-C2014E152D03}
		{66A89E93-A806-4BB2-AA97-93363EEC95CA} = {4FFFB39D-D540-4180-95E1-2EA43CDBFA66}
		{7DEE04A4-EF1C-4668-B1BB-FC430347AB10} = {BFC15C53-2C26-4901-A68A-C2014E152D03}
		{3100C3B7-EB77-4581-9289-E723252B48C1} = {3760C9B2-B46E-4B21-93F7-630FB229364D}
		{C4148D36-CC23-40DE-9376-39A61E433D25} = {3100C3B7-EB77-4581-9289-E723252B48C1}
		{146A2D98-31AE-49C4-B45B-1D801542CED3} = {3100C3B7-EB77-4581-9289-E723252B48C1}
		{BF77AEA3-0C2A-47FA-A850-02B585517A8A} = {3100C3B7-EB77-4581-9289-E723252B48C1}
		{E2648C2E-3F7C-45A9-8377-BEC0D60E6F3B} = {1073B5BE-7074-4EE2-9849-3A9274CB068A}
		{63386C3B-0BB3-406B-BC10-9579762CB422} = {0C2FAE8A-6D01-44EE-9C91-E055703A8125}
		{D3B1FEEB-5C9B-4A00-B32C-9FB05AA0C474} = {1073B5BE-7074-4EE2-9849-3A9274CB068A}
		{59F54DB9-315F-4DB3-9EB3-86E9FE9826C6} = {3760C9B2-B46E-4B21-93F7-630FB229364D}
		{E995942C-7B8A-4876-80F1-124785226F66} = {59F54DB9-315F-4DB3-9EB3-86E9FE9826C6}
		{33E3A06F-A07B-4921-8ECB-C80ACBF0F7A9} = {59F54DB9-315F-4DB3-9EB3-86E9FE9826C6}
		{7B1F9791-FC21-4347-A7C0-DCF38F967366} = {59F54DB9-315F-4DB3-9EB3-86E9FE9826C6}
		{7DDA1A05-0702-49D5-926C-9F4C3CF9F1A2} = {0C2FAE8A-6D01-44EE-9C91-E055703A8125}
		{A72D1FA5-4A24-4FE3-82C6-4272A6E690E1} = {0C2FAE8A-6D01-44EE-9C91-E055703A8125}
		{EEC7FD7B-4E65-4F5E-8F6F-7CF92CDD050E} = {4FFFB39D-D540-4180-95E1-2EA43CDBFA66}
		{29E5766F-A88F-449E-B55B-ED14D38FC2B4} = {4FFFB39D-D540-4180-95E1-2EA43CDBFA66}
		{7509ED3E-68E6-4C04-8C3B-74DBA0058A06} = {0C2FAE8A-6D01-44EE-9C91-E055703A8125}
		{E3F975C8-BA2D-4E72-B994-4B89E5B77566} = {0C2FAE8A-6D01-44EE-9C91-E055703A8125}
		{B0EC6232-2294-4D01-88B4-7D75FFC44E90} = {E3F975C8-BA2D-4E72-B994-4B89E5B77566}
		{171EC5D2-CD49-4DC6-8D63-22C576373C7C} = {E3F975C8-BA2D-4E72-B994-4B89E5B77566}
		{8F9B60A1-040D-4FA8-981C-D2C29808DD0F} = {E3F975C8-BA2D-4E72-B994-4B89E5B77566}
		{9B028F04-2147-46EF-A353-9056E64878BB} = {0C2FAE8A-6D01-44EE-9C91-E055703A8125}
		{500D2433-454C-420C-9D45-284C71F799DA} = {0C2FAE8A-6D01-44EE-9C91-E055703A8125}
		{56085B0D-A454-4C92-87BE-9AC24E1F55E8} = {0C2FAE8A-6D01-44EE-9C91-E055703A8125}
	EndGlobalSection
	GlobalSection(ExtensibilityGlobals) = postSolution
		SolutionGuid = {948BAA56-90E6-49B0-9D38-D102E9041721}
	EndGlobalSection
EndGlobal
