
Microsoft Visual Studio Solution File, Format Version 12.00
# Visual Studio Version 17
VisualStudioVersion = 17.2.32317.152
MinimumVisualStudioVersion = 10.0.40219.1
Project("{2150E333-8FDC-42A3-9474-1A3956D46DE8}") = "Infrastructure", "Infrastructure", "{0C2FAE8A-6D01-44EE-9C91-E055703A8125}"
EndProject
Project("{9A19103F-16F7-4668-BE54-9A1E7A4F7556}") = "KeepInformed.Infrastructure.Tvn", "src\Infrastructure\KeepInformed.Infrastructure.Tvn\KeepInformed.Infrastructure.Tvn.csproj", "{B84F047C-9A07-463A-8874-CC476F04114B}"
EndProject
Project("{2150E333-8FDC-42A3-9474-1A3956D46DE8}") = "Modules", "Modules", "{3760C9B2-B46E-4B21-93F7-630FB229364D}"
EndProject
Project("{2150E333-8FDC-42A3-9474-1A3956D46DE8}") = "Tvn", "Tvn", "{EEC5AD0F-87F2-427A-9926-6BA2A4CCD7C0}"
EndProject
Project("{9A19103F-16F7-4668-BE54-9A1E7A4F7556}") = "KeepInformed.Application.Tvn", "src\Application\KeepInformed.Application.Tvn\KeepInformed.Application.Tvn.csproj", "{97970DFE-269D-45AE-AE5D-0217C364FBDC}"
EndProject
Project("{2150E333-8FDC-42A3-9474-1A3956D46DE8}") = "Common", "Common", "{BFC15C53-2C26-4901-A68A-C2014E152D03}"
EndProject
Project("{9A19103F-16F7-4668-BE54-9A1E7A4F7556}") = "KeepInformed.Common", "src\Common\KeepInformed.Common\KeepInformed.Common.csproj", "{D0E86DED-F725-4065-9BAD-207A1C0E49AE}"
EndProject
Project("{2150E333-8FDC-42A3-9474-1A3956D46DE8}") = "Web", "Web", "{4FFFB39D-D540-4180-95E1-2EA43CDBFA66}"
EndProject
Project("{9A19103F-16F7-4668-BE54-9A1E7A4F7556}") = "KeepInformed.Web.Api", "src\Web\KeepInformed.Web.Api\KeepInformed.Web.Api.csproj", "{66A89E93-A806-4BB2-AA97-93363EEC95CA}"
EndProject
Project("{9A19103F-16F7-4668-BE54-9A1E7A4F7556}") = "KeepInformed.Contracts.Tvn", "src\Contracts\KeepInformed.Contracts.Tvn\KeepInformed.Contracts.Tvn.csproj", "{F401DABD-3325-433A-B3A3-9C7D2942A306}"
EndProject
Project("{9A19103F-16F7-4668-BE54-9A1E7A4F7556}") = "KeepInformed.Domain.Tvn", "src\Domain\KeepInformed.Domain.Tvn\KeepInformed.Domain.Tvn.csproj", "{4A523906-5F9D-4311-ADAC-98C0615DC894}"
EndProject
Project("{9A19103F-16F7-4668-BE54-9A1E7A4F7556}") = "KeepInformed.Common.Domain", "src\Common\KeepInformed.Common.Domain\KeepInformed.Common.Domain.csproj", "{7DEE04A4-EF1C-4668-B1BB-FC430347AB10}"
EndProject
Project("{FAE04EC0-301F-11D3-BF4B-00C04F79EFBC}") = "KeepInformed.Infrastructure.DbAccess", "src\Infrastructure\KeepInformed.Infrastructure.DbAccess\KeepInformed.Infrastructure.DbAccess.csproj", "{69B9C60F-B58D-4FFE-94D6-46048DC308C3}"
EndProject
Global
	GlobalSection(SolutionConfigurationPlatforms) = preSolution
		Debug|Any CPU = Debug|Any CPU
		Release|Any CPU = Release|Any CPU
	EndGlobalSection
	GlobalSection(ProjectConfigurationPlatforms) = postSolution
		{B84F047C-9A07-463A-8874-CC476F04114B}.Debug|Any CPU.ActiveCfg = Debug|Any CPU
		{B84F047C-9A07-463A-8874-CC476F04114B}.Debug|Any CPU.Build.0 = Debug|Any CPU
		{B84F047C-9A07-463A-8874-CC476F04114B}.Release|Any CPU.ActiveCfg = Release|Any CPU
		{B84F047C-9A07-463A-8874-CC476F04114B}.Release|Any CPU.Build.0 = Release|Any CPU
		{97970DFE-269D-45AE-AE5D-0217C364FBDC}.Debug|Any CPU.ActiveCfg = Debug|Any CPU
		{97970DFE-269D-45AE-AE5D-0217C364FBDC}.Debug|Any CPU.Build.0 = Debug|Any CPU
		{97970DFE-269D-45AE-AE5D-0217C364FBDC}.Release|Any CPU.ActiveCfg = Release|Any CPU
		{97970DFE-269D-45AE-AE5D-0217C364FBDC}.Release|Any CPU.Build.0 = Release|Any CPU
		{D0E86DED-F725-4065-9BAD-207A1C0E49AE}.Debug|Any CPU.ActiveCfg = Debug|Any CPU
		{D0E86DED-F725-4065-9BAD-207A1C0E49AE}.Debug|Any CPU.Build.0 = Debug|Any CPU
		{D0E86DED-F725-4065-9BAD-207A1C0E49AE}.Release|Any CPU.ActiveCfg = Release|Any CPU
		{D0E86DED-F725-4065-9BAD-207A1C0E49AE}.Release|Any CPU.Build.0 = Release|Any CPU
		{66A89E93-A806-4BB2-AA97-93363EEC95CA}.Debug|Any CPU.ActiveCfg = Debug|Any CPU
		{66A89E93-A806-4BB2-AA97-93363EEC95CA}.Debug|Any CPU.Build.0 = Debug|Any CPU
		{66A89E93-A806-4BB2-AA97-93363EEC95CA}.Release|Any CPU.ActiveCfg = Release|Any CPU
		{66A89E93-A806-4BB2-AA97-93363EEC95CA}.Release|Any CPU.Build.0 = Release|Any CPU
		{F401DABD-3325-433A-B3A3-9C7D2942A306}.Debug|Any CPU.ActiveCfg = Debug|Any CPU
		{F401DABD-3325-433A-B3A3-9C7D2942A306}.Debug|Any CPU.Build.0 = Debug|Any CPU
		{F401DABD-3325-433A-B3A3-9C7D2942A306}.Release|Any CPU.ActiveCfg = Release|Any CPU
		{F401DABD-3325-433A-B3A3-9C7D2942A306}.Release|Any CPU.Build.0 = Release|Any CPU
		{4A523906-5F9D-4311-ADAC-98C0615DC894}.Debug|Any CPU.ActiveCfg = Debug|Any CPU
		{4A523906-5F9D-4311-ADAC-98C0615DC894}.Debug|Any CPU.Build.0 = Debug|Any CPU
		{4A523906-5F9D-4311-ADAC-98C0615DC894}.Release|Any CPU.ActiveCfg = Release|Any CPU
		{4A523906-5F9D-4311-ADAC-98C0615DC894}.Release|Any CPU.Build.0 = Release|Any CPU
		{7DEE04A4-EF1C-4668-B1BB-FC430347AB10}.Debug|Any CPU.ActiveCfg = Debug|Any CPU
		{7DEE04A4-EF1C-4668-B1BB-FC430347AB10}.Debug|Any CPU.Build.0 = Debug|Any CPU
		{7DEE04A4-EF1C-4668-B1BB-FC430347AB10}.Release|Any CPU.ActiveCfg = Release|Any CPU
		{7DEE04A4-EF1C-4668-B1BB-FC430347AB10}.Release|Any CPU.Build.0 = Release|Any CPU
		{69B9C60F-B58D-4FFE-94D6-46048DC308C3}.Debug|Any CPU.ActiveCfg = Debug|Any CPU
		{69B9C60F-B58D-4FFE-94D6-46048DC308C3}.Debug|Any CPU.Build.0 = Debug|Any CPU
		{69B9C60F-B58D-4FFE-94D6-46048DC308C3}.Release|Any CPU.ActiveCfg = Release|Any CPU
		{69B9C60F-B58D-4FFE-94D6-46048DC308C3}.Release|Any CPU.Build.0 = Release|Any CPU
	EndGlobalSection
	GlobalSection(SolutionProperties) = preSolution
		HideSolutionNode = FALSE
	EndGlobalSection
	GlobalSection(NestedProjects) = preSolution
		{B84F047C-9A07-463A-8874-CC476F04114B} = {0C2FAE8A-6D01-44EE-9C91-E055703A8125}
		{EEC5AD0F-87F2-427A-9926-6BA2A4CCD7C0} = {3760C9B2-B46E-4B21-93F7-630FB229364D}
		{97970DFE-269D-45AE-AE5D-0217C364FBDC} = {EEC5AD0F-87F2-427A-9926-6BA2A4CCD7C0}
		{D0E86DED-F725-4065-9BAD-207A1C0E49AE} = {BFC15C53-2C26-4901-A68A-C2014E152D03}
		{66A89E93-A806-4BB2-AA97-93363EEC95CA} = {4FFFB39D-D540-4180-95E1-2EA43CDBFA66}
		{F401DABD-3325-433A-B3A3-9C7D2942A306} = {EEC5AD0F-87F2-427A-9926-6BA2A4CCD7C0}
		{4A523906-5F9D-4311-ADAC-98C0615DC894} = {EEC5AD0F-87F2-427A-9926-6BA2A4CCD7C0}
		{7DEE04A4-EF1C-4668-B1BB-FC430347AB10} = {BFC15C53-2C26-4901-A68A-C2014E152D03}
		{69B9C60F-B58D-4FFE-94D6-46048DC308C3} = {0C2FAE8A-6D01-44EE-9C91-E055703A8125}
	EndGlobalSection
	GlobalSection(ExtensibilityGlobals) = postSolution
		SolutionGuid = {948BAA56-90E6-49B0-9D38-D102E9041721}
	EndGlobalSection
EndGlobal
